
Microsoft Visual Studio Solution File, Format Version 12.00
# Visual Studio Version 16
VisualStudioVersion = 16.0.32002.261
MinimumVisualStudioVersion = 10.0.40219.1
Project("{FAE04EC0-301F-11D3-BF4B-00C04F79EFBC}") = "2048_Solver", "2048_Solver\2048_Solver.csproj", "{062C8B5F-165F-4505-84DB-9C9DFEDA8613}"
EndProject
Project("{FAE04EC0-301F-11D3-BF4B-00C04F79EFBC}") = "GameLibrary", "GameLibrary\GameLibrary.csproj", "{EDE1F1FF-5CB5-4D3E-A9BF-25D4D8AE7F75}"
EndProject
Global
	GlobalSection(SolutionConfigurationPlatforms) = preSolution
		Debug|Any CPU = Debug|Any CPU
		Debug|x86 = Debug|x86
		Release|Any CPU = Release|Any CPU
		Release|x86 = Release|x86
	EndGlobalSection
	GlobalSection(ProjectConfigurationPlatforms) = postSolution
		{062C8B5F-165F-4505-84DB-9C9DFEDA8613}.Debug|Any CPU.ActiveCfg = Debug|x86
		{062C8B5F-165F-4505-84DB-9C9DFEDA8613}.Debug|x86.ActiveCfg = Debug|x86
		{062C8B5F-165F-4505-84DB-9C9DFEDA8613}.Debug|x86.Build.0 = Debug|x86
		{062C8B5F-165F-4505-84DB-9C9DFEDA8613}.Release|Any CPU.ActiveCfg = Release|x86
		{062C8B5F-165F-4505-84DB-9C9DFEDA8613}.Release|x86.ActiveCfg = Release|x86
		{062C8B5F-165F-4505-84DB-9C9DFEDA8613}.Release|x86.Build.0 = Release|x86
		{EDE1F1FF-5CB5-4D3E-A9BF-25D4D8AE7F75}.Debug|Any CPU.ActiveCfg = Debug|Any CPU
		{EDE1F1FF-5CB5-4D3E-A9BF-25D4D8AE7F75}.Debug|Any CPU.Build.0 = Debug|Any CPU
		{EDE1F1FF-5CB5-4D3E-A9BF-25D4D8AE7F75}.Debug|x86.ActiveCfg = Debug|Any CPU
		{EDE1F1FF-5CB5-4D3E-A9BF-25D4D8AE7F75}.Debug|x86.Build.0 = Debug|Any CPU
		{EDE1F1FF-5CB5-4D3E-A9BF-25D4D8AE7F75}.Release|Any CPU.ActiveCfg = Release|Any CPU
		{EDE1F1FF-5CB5-4D3E-A9BF-25D4D8AE7F75}.Release|Any CPU.Build.0 = Release|Any CPU
		{EDE1F1FF-5CB5-4D3E-A9BF-25D4D8AE7F75}.Release|x86.ActiveCfg = Release|Any CPU
		{EDE1F1FF-5CB5-4D3E-A9BF-25D4D8AE7F75}.Release|x86.Build.0 = Release|Any CPU
	EndGlobalSection
	GlobalSection(SolutionProperties) = preSolution
		HideSolutionNode = FALSE
	EndGlobalSection
	GlobalSection(ExtensibilityGlobals) = postSolution
		SolutionGuid = {777A27AB-4509-4BC9-B378-B6CDEB5F5259}
	EndGlobalSection
EndGlobal
